github.com/Konstantin8105/binaryexpr v0.0.0-20200721202950-158a1f88edf2 h1:/YiEH020PS8umbnhKnrfBv/XvwRux0IfH8bN3ISB+PI=
github.com/Konstantin8105/binaryexpr v0.0.0-20200721202950-158a1f88edf2/go.mod h1:ERDIRfhbKMcQR907bjGkIgcpCMih4rlHS+BVa0CksoI=
github.com/Konstantin8105/binaryexpr v0.1.0 h1:2+mmmCRpZ6BDHyaLRAePjGiVp/Hgt7T7z75aRF5CpYM=
github.com/Konstantin8105/binaryexpr v0.1.0/go.mod h1:prPPFcv/zGCwhx78QW299JwMKP4xSkldgOwhZNr99GQ=
github.com/Konstantin8105/compare v0.0.0-20241110101050-be8c917edda3 h1:9m7BDT7TWmKtMnZIHJ4UwMsUzxOYJtnJ5KS2X/n0HVA=
github.com/Konstantin8105/compare v0.0.0-20241110101050-be8c917edda3/go.mod h1:fUpun9N0uSc9BUqjkF1m5yWEliJK6eijIf3n5+zZDIw=
github.com/Konstantin8105/errors v0.0.0-20190517083224-0667bfd7a9ac h1:syUV8/Mgzpj/lYevIbCnoIUawY6EoxTm+D07nPzZdr4=
github.com/Konstantin8105/errors v0.0.0-20190517083224-0667bfd7a9ac/go.mod h1:7wvBaOU91dxvleBlg9MPy3B1DFY/JKnWeLTzPQKkRwE=
github.com/Konstantin8105/errors v0.1.0 h1:YlF98T37IPvBGzxbj6AhXrY4VdoFfW60KEibUOtOpkg=
github.com/Konstantin8105/errors v0.1.0/go.mod h1:cKK/HtcfxJFe1RvnGzhWl8jcZpnTqZjKwvMBUrLsis4=
github.com/Konstantin8105/graph v0.0.0-20200228070649-d95cd6f045a7 h1:DD4R1PMSLeZMoXjGYUnaWX2MBfiS9X14Vpkvm0KnXZQ=
github.com/Konstantin8105/graph v0.0.0-20200228070649-d95cd6f045a7/go.mod h1:hrnFeVgiNrGoucXKBF0HWQgF4VXp99b9i/uW24MOQBQ=
github.com/Konstantin8105/graph v0.0.0-20230513171711-d6736736c853 h1:+YbOE6/oRB9B4hpPKjKvf52qqSSLVo68qfWaJ6XshSU=
github.com/Konstantin8105/graph v0.0.0-20230513171711-d6736736c853/go.mod h1:brZ8hGA3g51DHvnTIgmFgyyX0UEGix9lArHA/kvwSZ0=
github.com/Konstantin8105/pow v0.0.0-20191101093905-dce21c7150dd h1:sE/8m1Y+peYoZJ7bPPtCVGnzpotTf40v7GyS2ykARLk=
github.com/Konstantin8105/pow v0.0.0-20191101093905-dce21c7150dd/go.mod h1:MZ4NvCZNXhYu/vef0FZ8rSsVgZOo6eswfR3wqxVXafg=
github.com/Konstantin8105/pow v0.1.1-0.20230513162846-a110572de041 h1:Vw/+DmSjgvPLHe2IzozTtee2lbBlCRDU0iGFXbExmN8=
github.com/Konstantin8105/pow v0.1.1-0.20230513162846-a110572de041/go.mod h1:4Xe+OUZ7jwe74BFzgLepZw57cSFWba1/o6gTk53RBdI=
github.com/Konstantin8105/tree v0.0.0-20190515202740-8a8e3df34a3b h1:FjXnLahgYDqBm8FeELONQ6+AoL/VYUQJOcexWqeAPM8=
github.com/Konstantin8105/tree v0.0.0-20190515202740-8a8e3df34a3b/go.mod h1:iuUpRQi7E+GDKbY/a5HBliYk4j+cW1Nmv1hXoCSwuVU=
github.com/Konstantin8105/tree v0.1.0 h1:4zHm0vfnQCNlXqv4I00R5LoXz8HEeWk7BwvNgjnl6Sg=
github.com/Konstantin8105/tree v0.1.0/go.mod h1:/KrCn6rMgf1uoXUY2HjVvML1LeLUULD1BDiHWJhJwII=
github.com/olegfedoseev/image-diff v0.0.0-20171116094004-897a4e73dfd6 h1:a/kynVgbdXJQDq3WWTgwL0bHyg4hu4/oIK9UB+Ugvfo=
github.com/olegfedoseev/image-diff v0.0.0-20171116094004-897a4e73dfd6/go.mod h1:OgMVaRcJ1TgmPHB/MF2YaHOzRxmw6vVG/DquoMhkCiY=
