github.com/Konstantin8105/binaryexpr v0.0.0-20200721202950-158a1f88edf2 h1:/YiEH020PS8umbnhKnrfBv/XvwRux0IfH8bN3ISB+PI=
github.com/Konstantin8105/binaryexpr v0.0.0-20200721202950-158a1f88edf2/go.mod h1:ERDIRfhbKMcQR907bjGkIgcpCMih4rlHS+BVa0CksoI=
github.com/Konstantin8105/errors v0.0.0-20190517083224-0667bfd7a9ac h1:syUV8/Mgzpj/lYevIbCnoIUawY6EoxTm+D07nPzZdr4=
github.com/Konstantin8105/errors v0.0.0-20190517083224-0667bfd7a9ac/go.mod h1:7wvBaOU91dxvleBlg9MPy3B1DFY/JKnWeLTzPQKkRwE=
github.com/Konstantin8105/pow v0.0.0-20191101093905-dce21c7150dd h1:sE/8m1Y+peYoZJ7bPPtCVGnzpotTf40v7GyS2ykARLk=
github.com/Konstantin8105/pow v0.0.0-20191101093905-dce21c7150dd/go.mod h1:MZ4NvCZNXhYu/vef0FZ8rSsVgZOo6eswfR3wqxVXafg=
github.com/Konstantin8105/tree v0.0.0-20190515202740-8a8e3df34a3b h1:FjXnLahgYDqBm8FeELONQ6+AoL/VYUQJOcexWqeAPM8=
github.com/Konstantin8105/tree v0.0.0-20190515202740-8a8e3df34a3b/go.mod h1:iuUpRQi7E+GDKbY/a5HBliYk4j+cW1Nmv1hXoCSwuVU=
